
Microsoft Visual Studio Solution File, Format Version 12.00
# Visual Studio Version 16
VisualStudioVersion = 16.0.30320.27
MinimumVisualStudioVersion = 10.0.40219.1
Project("{9A19103F-16F7-4668-BE54-9A1E7A4F7556}") = "ProgrammingProject", "ProgrammingProject\ProgrammingProject.csproj", "{6115BEFF-8A89-46C7-8C1E-C338BA1DEE7D}"
EndProject
Global
	GlobalSection(SolutionConfigurationPlatforms) = preSolution
		Debug|Any CPU = Debug|Any CPU
		Release|Any CPU = Release|Any CPU
	EndGlobalSection
	GlobalSection(ProjectConfigurationPlatforms) = postSolution
		{6115BEFF-8A89-46C7-8C1E-C338BA1DEE7D}.Debug|Any CPU.ActiveCfg = Debug|Any CPU
		{6115BEFF-8A89-46C7-8C1E-C338BA1DEE7D}.Debug|Any CPU.Build.0 = Debug|Any CPU
		{6115BEFF-8A89-46C7-8C1E-C338BA1DEE7D}.Release|Any CPU.ActiveCfg = Release|Any CPU
		{6115BEFF-8A89-46C7-8C1E-C338BA1DEE7D}.Release|Any CPU.Build.0 = Release|Any CPU
	EndGlobalSection
	GlobalSection(SolutionProperties) = preSolution
		HideSolutionNode = FALSE
	EndGlobalSection
	GlobalSection(ExtensibilityGlobals) = postSolution
		SolutionGuid = {3F28054E-2253-4AA9-BF8E-CD601F07E082}
	EndGlobalSection
	GlobalSection(TeamFoundationVersionControl) = preSolution
		SccNumberOfProjects = 2
		SccEnterpriseProvider = {4CA58AB2-18FA-4F8D-95D4-32DDF27D184C}
		SccTeamFoundationServer = https://dev.azure.com/jacobtuckwell
		SccLocalPath0 = .
		SccProjectUniqueName1 = ProgrammingProject\\ProgrammingProject.csproj
		SccProjectName1 = ProgrammingProject
		SccLocalPath1 = ProgrammingProject
	EndGlobalSection
EndGlobal
